
Microsoft Visual Studio Solution File, Format Version 11.00
# Visual C++ Express 2010
Project("{8BC9CEB8-8B4A-11D0-8D11-00A0C91BC942}") = "Logic", "Logic\Logic.vcxproj", "{7549BD50-7B7E-4CE4-80B3-EC642CF7EF54}"
EndProject
Global
	GlobalSection(SolutionConfigurationPlatforms) = preSolution
		Debug|Win32 = Debug|Win32
		Release|Win32 = Release|Win32
	EndGlobalSection
	GlobalSection(ProjectConfigurationPlatforms) = postSolution
		{7549BD50-7B7E-4CE4-80B3-EC642CF7EF54}.Debug|Win32.ActiveCfg = Debug|Win32
		{7549BD50-7B7E-4CE4-80B3-EC642CF7EF54}.Debug|Win32.Build.0 = Debug|Win32
		{7549BD50-7B7E-4CE4-80B3-EC642CF7EF54}.Release|Win32.ActiveCfg = Release|Win32
		{7549BD50-7B7E-4CE4-80B3-EC642CF7EF54}.Release|Win32.Build.0 = Release|Win32
	EndGlobalSection
	GlobalSection(SolutionProperties) = preSolution
		HideSolutionNode = FALSE
	EndGlobalSection
EndGlobal
